<?xml version="1.0" encoding="utf-8"?>
<Project ToolsVersion="4.0" xmlns="http://schemas.microsoft.com/developer/msbuild/2003">
  <ItemGroup>
    <Filter Include="Source Files">
      <UniqueIdentifier>{4FC737F1-C7A5-4376-A066-2A32D752A2FF}</UniqueIdentifier>
      <Extensions>cpp;c;cxx;def;odl;idl;hpj;bat;asm;asmx</Extensions>
    </Filter>
    <Filter Include="Header Files">
      <UniqueIdentifier>{93995380-89BD-4b04-88EB-625FBE52EBFB}</UniqueIdentifier>
      <Extensions>h;hpp;hxx;hm;inl;inc;xsd</Extensions>
    </Filter>
    <Filter Include="Resource Files">
      <UniqueIdentifier>{67DA6AB6-F800-4c08-8B7A-83BB121AAD01}</UniqueIdentifier>
      <Extensions>rc;ico;cur;bmp;dlg;rc2;rct;bin;rgs;gif;jpg;jpeg;jpe;resx</Extensions>
    </Filter>
  </ItemGroup>
  <ItemGroup>
    <ClCompile Include="Clipboard.cpp">
      <Filter>Source Files</Filter>
    </ClCompile>
    <ClCompile Include="MsgCrackWizard.cpp">
      <Filter>Source Files</Filter>
    </ClCompile>
    <ClCompile Include="ui.cpp">
      <Filter>Source Files</Filter>
    </ClCompile>
    <ClCompile Include="stdafx.cpp">
      <Filter>Source Files</Filter>
    </ClCompile>
    <ClCompile Include="Reg.cpp">
      <Filter>Source Files</Filter>
    </ClCompile>
  </ItemGroup>
  <ItemGroup>
    <ClInclude Include="MsgCrackWizard.h">
      <Filter>Header Files</Filter>
    </ClInclude>
    <ClInclude Include="resource.h">
      <Filter>Header Files</Filter>
    </ClInclude>
    <ClInclude Include="stdafx.h">
      <Filter>Header Files</Filter>
    </ClInclude>
  </ItemGroup>
  <ItemGroup>
    <Image Include="clpbrd.bmp">
      <Filter>Resource Files</Filter>
    </Image>
    <Image Include="general.bmp">
      <Filter>Resource Files</Filter>
    </Image>
    <Image Include="keybrd.bmp">
      <Filter>Resource Files</Filter>
    </Image>
    <Image Include="mdi.bmp">
      <Filter>Resource Files</Filter>
    </Image>
    <Image Include="mouse.bmp">
      <Filter>Resource Files</Filter>
    </Image>
    <Image Include="msgcrk.ico">
      <Filter>Resource Files</Filter>
    </Image>
    <Image Include="nclient.bmp">
      <Filter>Resource Files</Filter>
    </Image>
    <Image Include="window.bmp">
      <Filter>Resource Files</Filter>
    </Image>
    <Image Include="ico\msgcrk.ico">
      <Filter>Resource Files</Filter>
    </Image>
    <Image Include="bmp\keybrd.bmp">
      <Filter>Resource Files</Filter>
    </Image>
    <Image Include="bmp\mouse.bmp">
      <Filter>Resource Files</Filter>
    </Image>
    <Image Include="bmp\clpbrd.bmp">
      <Filter>Resource Files</Filter>
    </Image>
    <Image Include="bmp\nclient.bmp">
      <Filter>Resource Files</Filter>
    </Image>
    <Image Include="bmp\general.bmp">
      <Filter>Resource Files</Filter>
    </Image>
    <Image Include="bmp\mdi.bmp">
      <Filter>Resource Files</Filter>
    </Image>
    <Image Include="bmp\window.bmp">
      <Filter>Resource Files</Filter>
    </Image>
    <Image Include="bmp\keybrd_d.bmp">
      <Filter>Resource Files</Filter>
    </Image>
    <Image Include="bmp\mouse_d.bmp">
      <Filter>Resource Files</Filter>
    </Image>
    <Image Include="bmp\clpbrd_d.bmp">
      <Filter>Resource Files</Filter>
    </Image>
    <Image Include="bmp\nclient_d.bmp">
      <Filter>Resource Files</Filter>
    </Image>
    <Image Include="bmp\general_d.bmp">
      <Filter>Resource Files</Filter>
    </Image>
    <Image Include="bmp\mdi_d.bmp">
      <Filter>Resource Files</Filter>
    </Image>
    <Image Include="bmp\window_d.bmp">
      <Filter>Resource Files</Filter>
    </Image>
  </ItemGroup>
  <ItemGroup>
    <ResourceCompile Include="MessageCrackWiz.rc">
      <Filter>Resource Files</Filter>
    </ResourceCompile>
  </ItemGroup>
  <ItemGroup>
    <Manifest Include="mcwizard.exe.manifest" />
  </ItemGroup>
</Project>